
Microsoft Visual Studio Solution File, Format Version 12.00
# Visual Studio 14
VisualStudioVersion = 14.0.25420.1
MinimumVisualStudioVersion = 10.0.40219.1
Project("{2150E333-8FDC-42A3-9474-1A3956D46DE8}") = "Common", "Common", "{CB0BB770-6960-4795-85AF-C8C40D594010}"
EndProject
Project("{FAE04EC0-301F-11D3-BF4B-00C04F79EFBC}") = "DITS.HILI.Framework", "..\..\..\Common\DITS.HILI.Framework\DITS.HILI.Framework.csproj", "{29104F08-820F-495A-B677-B44637566916}"
EndProject
Project("{FAE04EC0-301F-11D3-BF4B-00C04F79EFBC}") = "DITS.HILI.WMS.Message", "..\..\..\Common\DITS.HILI.WMS.Message\DITS.HILI.WMS.Message.csproj", "{7273AE32-5A28-4AC7-8F54-7327C7FEDE4D}"
EndProject
Project("{2150E333-8FDC-42A3-9474-1A3956D46DE8}") = "Receive", "Receive", "{3BB3B817-91AC-4423-B19E-4553E36448BA}"
EndProject
Project("{FAE04EC0-301F-11D3-BF4B-00C04F79EFBC}") = "DITS.HILI.WMS.Recieve", "DITS.HILI.WMS.Recieve\DITS.HILI.WMS.Recieve.csproj", "{1BACBA81-C6DC-4C94-BFEF-273B052CEDB6}"
EndProject
Project("{FAE04EC0-301F-11D3-BF4B-00C04F79EFBC}") = "DITS.HILI.WMS.ReceiveService", "DITS.HILI.WMS.ReceiveService\DITS.HILI.WMS.ReceiveService.csproj", "{83C7A590-E2F2-4055-BD43-6138D6A11F9D}"
EndProject
Project("{FAE04EC0-301F-11D3-BF4B-00C04F79EFBC}") = "DITS.HILI.WMS.ReceiveConfiguration", "DITS.HILI.WMS.ReceiveConfiguration\DITS.HILI.WMS.ReceiveConfiguration.csproj", "{7748B55C-25BD-47CD-ADE7-CA243603DED3}"
EndProject
Project("{FAE04EC0-301F-11D3-BF4B-00C04F79EFBC}") = "DITS.HILI.WMS.ReceiveAPIs", "DITS.HILI.WMS.ReceiveAPIs\DITS.HILI.WMS.ReceiveAPIs.csproj", "{ED91047F-75F7-435A-B457-E6DDAB1CA89A}"
EndProject
Global
	GlobalSection(SolutionConfigurationPlatforms) = preSolution
		Debug|Any CPU = Debug|Any CPU
		Release|Any CPU = Release|Any CPU
	EndGlobalSection
	GlobalSection(ProjectConfigurationPlatforms) = postSolution
		{29104F08-820F-495A-B677-B44637566916}.Debug|Any CPU.ActiveCfg = Debug|Any CPU
		{29104F08-820F-495A-B677-B44637566916}.Debug|Any CPU.Build.0 = Debug|Any CPU
		{29104F08-820F-495A-B677-B44637566916}.Release|Any CPU.ActiveCfg = Release|Any CPU
		{29104F08-820F-495A-B677-B44637566916}.Release|Any CPU.Build.0 = Release|Any CPU
		{7273AE32-5A28-4AC7-8F54-7327C7FEDE4D}.Debug|Any CPU.ActiveCfg = Debug|Any CPU
		{7273AE32-5A28-4AC7-8F54-7327C7FEDE4D}.Debug|Any CPU.Build.0 = Debug|Any CPU
		{7273AE32-5A28-4AC7-8F54-7327C7FEDE4D}.Release|Any CPU.ActiveCfg = Release|Any CPU
		{7273AE32-5A28-4AC7-8F54-7327C7FEDE4D}.Release|Any CPU.Build.0 = Release|Any CPU
		{1BACBA81-C6DC-4C94-BFEF-273B052CEDB6}.Debug|Any CPU.ActiveCfg = Debug|Any CPU
		{1BACBA81-C6DC-4C94-BFEF-273B052CEDB6}.Debug|Any CPU.Build.0 = Debug|Any CPU
		{1BACBA81-C6DC-4C94-BFEF-273B052CEDB6}.Release|Any CPU.ActiveCfg = Release|Any CPU
		{1BACBA81-C6DC-4C94-BFEF-273B052CEDB6}.Release|Any CPU.Build.0 = Release|Any CPU
		{83C7A590-E2F2-4055-BD43-6138D6A11F9D}.Debug|Any CPU.ActiveCfg = Debug|Any CPU
		{83C7A590-E2F2-4055-BD43-6138D6A11F9D}.Debug|Any CPU.Build.0 = Debug|Any CPU
		{83C7A590-E2F2-4055-BD43-6138D6A11F9D}.Release|Any CPU.ActiveCfg = Release|Any CPU
		{83C7A590-E2F2-4055-BD43-6138D6A11F9D}.Release|Any CPU.Build.0 = Release|Any CPU
		{7748B55C-25BD-47CD-ADE7-CA243603DED3}.Debug|Any CPU.ActiveCfg = Debug|Any CPU
		{7748B55C-25BD-47CD-ADE7-CA243603DED3}.Debug|Any CPU.Build.0 = Debug|Any CPU
		{7748B55C-25BD-47CD-ADE7-CA243603DED3}.Release|Any CPU.ActiveCfg = Release|Any CPU
		{7748B55C-25BD-47CD-ADE7-CA243603DED3}.Release|Any CPU.Build.0 = Release|Any CPU
		{ED91047F-75F7-435A-B457-E6DDAB1CA89A}.Debug|Any CPU.ActiveCfg = Debug|Any CPU
		{ED91047F-75F7-435A-B457-E6DDAB1CA89A}.Debug|Any CPU.Build.0 = Debug|Any CPU
		{ED91047F-75F7-435A-B457-E6DDAB1CA89A}.Release|Any CPU.ActiveCfg = Release|Any CPU
		{ED91047F-75F7-435A-B457-E6DDAB1CA89A}.Release|Any CPU.Build.0 = Release|Any CPU
	EndGlobalSection
	GlobalSection(SolutionProperties) = preSolution
		HideSolutionNode = FALSE
	EndGlobalSection
	GlobalSection(NestedProjects) = preSolution
		{29104F08-820F-495A-B677-B44637566916} = {CB0BB770-6960-4795-85AF-C8C40D594010}
		{7273AE32-5A28-4AC7-8F54-7327C7FEDE4D} = {CB0BB770-6960-4795-85AF-C8C40D594010}
		{1BACBA81-C6DC-4C94-BFEF-273B052CEDB6} = {3BB3B817-91AC-4423-B19E-4553E36448BA}
		{83C7A590-E2F2-4055-BD43-6138D6A11F9D} = {3BB3B817-91AC-4423-B19E-4553E36448BA}
		{7748B55C-25BD-47CD-ADE7-CA243603DED3} = {3BB3B817-91AC-4423-B19E-4553E36448BA}
		{ED91047F-75F7-435A-B457-E6DDAB1CA89A} = {3BB3B817-91AC-4423-B19E-4553E36448BA}
	EndGlobalSection
EndGlobal
