
Microsoft Visual Studio Solution File, Format Version 12.00
# Visual Studio 14
VisualStudioVersion = 14.0.25420.1
MinimumVisualStudioVersion = 10.0.40219.1
Project("{F14B399A-7131-4C87-9E4B-1186C45EF12D}") = "WTF_Reporting_Server", "WTF_Reporting_Server\WTF_Reporting_Server.rptproj", "{E43E8389-E1C1-4426-829E-42440C4DD231}"
EndProject
Global
	GlobalSection(SolutionConfigurationPlatforms) = preSolution
		Debug|Default = Debug|Default
		DebugLocal|Default = DebugLocal|Default
		Release|Default = Release|Default
	EndGlobalSection
	GlobalSection(ProjectConfigurationPlatforms) = postSolution
		{E43E8389-E1C1-4426-829E-42440C4DD231}.Debug|Default.ActiveCfg = Debug
		{E43E8389-E1C1-4426-829E-42440C4DD231}.Debug|Default.Build.0 = Debug
		{E43E8389-E1C1-4426-829E-42440C4DD231}.Debug|Default.Deploy.0 = Debug
		{E43E8389-E1C1-4426-829E-42440C4DD231}.DebugLocal|Default.ActiveCfg = DebugLocal
		{E43E8389-E1C1-4426-829E-42440C4DD231}.DebugLocal|Default.Build.0 = DebugLocal
		{E43E8389-E1C1-4426-829E-42440C4DD231}.Release|Default.ActiveCfg = Release
		{E43E8389-E1C1-4426-829E-42440C4DD231}.Release|Default.Build.0 = Release
		{E43E8389-E1C1-4426-829E-42440C4DD231}.Release|Default.Deploy.0 = Release
	EndGlobalSection
	GlobalSection(SolutionProperties) = preSolution
		HideSolutionNode = FALSE
	EndGlobalSection
EndGlobal
